
Microsoft Visual Studio Solution File, Format Version 12.00
# Visual Studio 15
VisualStudioVersion = 15.0.28307.2092
MinimumVisualStudioVersion = 10.0.40219.1
Project("{9A19103F-16F7-4668-BE54-9A1E7A4F7556}") = "FoolishServer.Framework", "..\..\Source\FoolishServer.Framework\FoolishServer.Framework.csproj", "{83507111-A161-424F-B0A5-37180D990EA0}"
EndProject
Project("{9A19103F-16F7-4668-BE54-9A1E7A4F7556}") = "FoolishServer.Common", "..\..\Source\FoolishServer.Common\FoolishServer.Common.csproj", "{E508530E-01B9-4D8C-ACCA-AE67B1C6FD01}"
EndProject
Project("{9A19103F-16F7-4668-BE54-9A1E7A4F7556}") = "FoolishGames.Common", "..\..\Source\FoolishGames.Common\FoolishGames.Common.csproj", "{BD116A3A-5579-4D22-96C7-ED68047CEC76}"
EndProject
Project("{9A19103F-16F7-4668-BE54-9A1E7A4F7556}") = "FoolishClient.Framework", "..\..\Source\FoolishClient.Framework\FoolishClient.Framework.csproj", "{25C39755-3705-4D65-9484-98BCA0D17895}"
EndProject
Project("{9A19103F-16F7-4668-BE54-9A1E7A4F7556}") = "GameServer.RunDirectly", "GameServer.RunDirectly\GameServer.RunDirectly.csproj", "{9AA95823-19F3-4658-8A87-A568E6288873}"
EndProject
Global
	GlobalSection(SolutionConfigurationPlatforms) = preSolution
		Debug|Any CPU = Debug|Any CPU
		Release|Any CPU = Release|Any CPU
	EndGlobalSection
	GlobalSection(ProjectConfigurationPlatforms) = postSolution
		{83507111-A161-424F-B0A5-37180D990EA0}.Debug|Any CPU.ActiveCfg = Debug|Any CPU
		{83507111-A161-424F-B0A5-37180D990EA0}.Debug|Any CPU.Build.0 = Debug|Any CPU
		{83507111-A161-424F-B0A5-37180D990EA0}.Release|Any CPU.ActiveCfg = Release|Any CPU
		{83507111-A161-424F-B0A5-37180D990EA0}.Release|Any CPU.Build.0 = Release|Any CPU
		{E508530E-01B9-4D8C-ACCA-AE67B1C6FD01}.Debug|Any CPU.ActiveCfg = Debug|Any CPU
		{E508530E-01B9-4D8C-ACCA-AE67B1C6FD01}.Debug|Any CPU.Build.0 = Debug|Any CPU
		{E508530E-01B9-4D8C-ACCA-AE67B1C6FD01}.Release|Any CPU.ActiveCfg = Release|Any CPU
		{E508530E-01B9-4D8C-ACCA-AE67B1C6FD01}.Release|Any CPU.Build.0 = Release|Any CPU
		{BD116A3A-5579-4D22-96C7-ED68047CEC76}.Debug|Any CPU.ActiveCfg = Debug|Any CPU
		{BD116A3A-5579-4D22-96C7-ED68047CEC76}.Debug|Any CPU.Build.0 = Debug|Any CPU
		{BD116A3A-5579-4D22-96C7-ED68047CEC76}.Release|Any CPU.ActiveCfg = Release|Any CPU
		{BD116A3A-5579-4D22-96C7-ED68047CEC76}.Release|Any CPU.Build.0 = Release|Any CPU
		{25C39755-3705-4D65-9484-98BCA0D17895}.Debug|Any CPU.ActiveCfg = Debug|Any CPU
		{25C39755-3705-4D65-9484-98BCA0D17895}.Debug|Any CPU.Build.0 = Debug|Any CPU
		{25C39755-3705-4D65-9484-98BCA0D17895}.Release|Any CPU.ActiveCfg = Release|Any CPU
		{25C39755-3705-4D65-9484-98BCA0D17895}.Release|Any CPU.Build.0 = Release|Any CPU
		{9AA95823-19F3-4658-8A87-A568E6288873}.Debug|Any CPU.ActiveCfg = Debug|Any CPU
		{9AA95823-19F3-4658-8A87-A568E6288873}.Debug|Any CPU.Build.0 = Debug|Any CPU
		{9AA95823-19F3-4658-8A87-A568E6288873}.Release|Any CPU.ActiveCfg = Release|Any CPU
		{9AA95823-19F3-4658-8A87-A568E6288873}.Release|Any CPU.Build.0 = Release|Any CPU
	EndGlobalSection
	GlobalSection(SolutionProperties) = preSolution
		HideSolutionNode = FALSE
	EndGlobalSection
	GlobalSection(ExtensibilityGlobals) = postSolution
		SolutionGuid = {94FBC640-FA10-41F9-A4B7-40605AF1BA20}
	EndGlobalSection
EndGlobal
